
Microsoft Visual Studio Solution File, Format Version 12.00
# Visual Studio Version 17
VisualStudioVersion = 17.1.32328.378
MinimumVisualStudioVersion = 10.0.40219.1
Project("{2150E333-8FDC-42A3-9474-1A3956D46DE8}") = "EventSourcing", "EventSourcing", "{6D3232DD-8EA4-43C8-9EB1-3E1966A1079B}"
EndProject
Project("{9A19103F-16F7-4668-BE54-9A1E7A4F7556}") = "Common.Libraries.EventSourcing", "Common.Libraries.EventSourcing\Common.Libraries.EventSourcing.csproj", "{ADA8C6F8-3963-4B36-A794-6ECE5C9BEBCF}"
EndProject
Project("{2150E333-8FDC-42A3-9474-1A3956D46DE8}") = "EventStore", "EventStore", "{5B36194F-3BEB-4166-B862-101957741C9D}"
EndProject
Project("{9A19103F-16F7-4668-BE54-9A1E7A4F7556}") = "Common.Libraries.EventStore", "CommonLibraries.EventStore\Common.Libraries.EventStore.csproj", "{10B908AA-D72B-4C7E-81AB-8D5C11B00008}"
EndProject
Project("{2150E333-8FDC-42A3-9474-1A3956D46DE8}") = "Services", "Services", "{0BD6CAC2-FC95-4A28-BD26-6207CD05304C}"
EndProject
Project("{9A19103F-16F7-4668-BE54-9A1E7A4F7556}") = "Common.Libraries.Services", "CommonLibraries.Services\Common.Libraries.Services.csproj", "{B65A079B-68D3-449D-B7B4-6228953AF6C9}"
EndProject
Project("{9A19103F-16F7-4668-BE54-9A1E7A4F7556}") = "Common.Libraries.EventStore.EF", "CommonLibraries.EventStore.Projection\Common.Libraries.EventStore.EF.csproj", "{C2685366-7791-43B4-A9A3-880FBD49B4D2}"
EndProject
Project("{9A19103F-16F7-4668-BE54-9A1E7A4F7556}") = "Common.Libraries.EventStore.Cassandra", "Common.Libraries.EventStore.Projection.Cassandra\Common.Libraries.EventStore.Cassandra.csproj", "{44B643F8-B1D8-4240-A640-387A982D3081}"
EndProject
Project("{9A19103F-16F7-4668-BE54-9A1E7A4F7556}") = "Common.Libraries.Services.EFCore", "Common.Libraries.Services.EFCore\Common.Libraries.Services.EFCore.csproj", "{22A8294E-F7C3-46AD-8BE0-CFAF7A020910}"
EndProject
Project("{9A19103F-16F7-4668-BE54-9A1E7A4F7556}") = "Common.Libraries.Services.ApiRequests.Flurl", "Common.Libraries.Services.Flurl\Common.Libraries.Services.ApiRequests.Flurl.csproj", "{26EACC28-B760-4811-ABA9-0CF48DCBB144}"
EndProject
Project("{2150E333-8FDC-42A3-9474-1A3956D46DE8}") = "EventBus", "EventBus", "{7D807567-4ED4-4656-A3F8-AE9E87A1D2A1}"
EndProject
Project("{9A19103F-16F7-4668-BE54-9A1E7A4F7556}") = "Common.Libraries.EventBus", "Common.Libraries.EventBus\Common.Libraries.EventBus.csproj", "{2687FF0E-AFAA-49BF-AD2E-9EC0814ADE5E}"
EndProject
Project("{2150E333-8FDC-42A3-9474-1A3956D46DE8}") = "Kafka", "Kafka", "{BA70EED6-F77E-4B6A-98C7-9B3032C0A9B7}"
EndProject
Project("{9A19103F-16F7-4668-BE54-9A1E7A4F7556}") = "Common.Libraries.EventBus.Kafka", "Common.Libraries.EventBus.Kafka\Common.Libraries.EventBus.Kafka.csproj", "{B4BE560C-9CA3-4006-8AFC-3986C512D590}"
EndProject
Project("{2150E333-8FDC-42A3-9474-1A3956D46DE8}") = "RebbitMQ", "RebbitMQ", "{E5E6D654-8E07-4EB4-9C9B-EA2F5449CE7D}"
EndProject
Project("{9A19103F-16F7-4668-BE54-9A1E7A4F7556}") = "Common.Libraries.EventBus.RabbitMQ", "Common.Libraries.EventBus.RabbitMQ\Common.Libraries.EventBus.RabbitMQ.csproj", "{4120CB0E-9558-494D-B718-FEA53A103076}"
EndProject
Project("{2150E333-8FDC-42A3-9474-1A3956D46DE8}") = "Saga", "Saga", "{14E9C70A-D7CE-45B6-8684-97C81774C418}"
EndProject
Project("{2150E333-8FDC-42A3-9474-1A3956D46DE8}") = "Data", "Data", "{C93033AA-BA8E-4941-ABD8-5200FF3A89C1}"
EndProject
Project("{9A19103F-16F7-4668-BE54-9A1E7A4F7556}") = "Common.Libraries.Saga.Data", "Common.Libraries.Saga.Data\Common.Libraries.Saga.Data.csproj", "{6C0577B5-20F3-4F0E-A349-4AD6C3EE864B}"
EndProject
Project("{9A19103F-16F7-4668-BE54-9A1E7A4F7556}") = "Common.Libraries.Saga.Data.EFCore", "Common.Libraries.Saga.Data.EFCore\Common.Libraries.Saga.Data.EFCore.csproj", "{1A241B18-B38C-4522-8122-45C89FE6D5EA}"
EndProject
Project("{2150E333-8FDC-42A3-9474-1A3956D46DE8}") = "Databases", "Databases", "{63F53406-8CE7-42FB-A927-1C45989219AA}"
EndProject
Project("{9A19103F-16F7-4668-BE54-9A1E7A4F7556}") = "Common.Libraries.Services.Cassandra", "Common.Libraries.Services.Cassandra\Common.Libraries.Services.Cassandra.csproj", "{9EB69A15-1BA3-4918-B1C8-9AF3E1DF278D}"
EndProject
Project("{2150E333-8FDC-42A3-9474-1A3956D46DE8}") = "Logging", "Logging", "{B6E018EA-F537-44E7-9C22-1FEE495B8C61}"
EndProject
Project("{9A19103F-16F7-4668-BE54-9A1E7A4F7556}") = "Common.Libraries.Services.Logging", "Common.Libraries.Services.Logging\Common.Libraries.Services.Logging.csproj", "{65B3E35E-C1B5-405F-AFBF-8F94FE8BC822}"
EndProject
Project("{9A19103F-16F7-4668-BE54-9A1E7A4F7556}") = "Common.Libraries.Services.Logging.SeriLog", "Common.Libraries.Services.Logging.SeriLog\Common.Libraries.Services.Logging.SeriLog.csproj", "{C07B1838-74CD-4AB6-9515-139014299C61}"
EndProject
Project("{9A19103F-16F7-4668-BE54-9A1E7A4F7556}") = "Common.Libraries.Services.Mongo", "Common.Libraries.Services.Mongo\Common.Libraries.Services.Mongo.csproj", "{931513C4-1990-441E-B64B-D8042AB83CA4}"
EndProject
Project("{2150E333-8FDC-42A3-9474-1A3956D46DE8}") = "Notification", "Notification", "{95B8C2BB-E9D9-4D40-B56A-2E04BA46B28C}"
EndProject
Project("{9A19103F-16F7-4668-BE54-9A1E7A4F7556}") = "Common.Libraries.Services.Email", "Common.Libraries.Services.Email\Common.Libraries.Services.Email.csproj", "{05948531-67A7-4511-B48E-986B345AD1DB}"
EndProject
Project("{2150E333-8FDC-42A3-9474-1A3956D46DE8}") = "Files", "Files", "{D0A5D6C9-2277-4022-8AAA-8785E8F97D67}"
EndProject
Project("{9A19103F-16F7-4668-BE54-9A1E7A4F7556}") = "Common.Libraries.Services.Files", "Common.Libraries.Services.Files\Common.Libraries.Services.Files.csproj", "{E5877EC3-056D-4978-964E-B7878A80C104}"
EndProject
Project("{FAE04EC0-301F-11D3-BF4B-00C04F79EFBC}") = "Common.Libraries.Services.Codes", "Common.Libraries.Services.Codes\Common.Libraries.Services.Codes.csproj", "{A615F72C-F286-457D-8E4B-092619C171E5}"
EndProject
Project("{FAE04EC0-301F-11D3-BF4B-00C04F79EFBC}") = "Common.Libraries.Services.ApiRequests.Refit", "Common.Libraries.Services.ApiRequests.Refit\Common.Libraries.Services.ApiRequests.Refit.csproj", "{82F9E197-E07A-42E7-B86E-CE28F22BC0FE}"
EndProject
Project("{FAE04EC0-301F-11D3-BF4B-00C04F79EFBC}") = "Common.Libraries.Services.ApiRequests", "Common.Libraries.Services.ApiRequests\Common.Libraries.Services.ApiRequests.csproj", "{3D517B08-D66F-4855-89DC-DE85010A3F2B}"
EndProject
Project("{FAE04EC0-301F-11D3-BF4B-00C04F79EFBC}") = "Common.Libraries.Services.Tests", "Common.Libraries.Services.Tests\Common.Libraries.Services.Tests.csproj", "{F916AB41-8A09-4097-83C7-FB27F17D2D46}"
EndProject
Project("{FAE04EC0-301F-11D3-BF4B-00C04F79EFBC}") = "Common.Libraries.Services.EFCore.Tests", "Common.Libraries.Services.EFCore.Tests\Common.Libraries.Services.EFCore.Tests.csproj", "{AED18574-468E-4C5C-980A-7D8620AEF80D}"
EndProject
Project("{FAE04EC0-301F-11D3-BF4B-00C04F79EFBC}") = "Common.Libraries.Services.Mongo.Tests", "Common.Libraries.Services.Mongo.Tests\Common.Libraries.Services.Mongo.Tests.csproj", "{28854B46-859B-4FCE-A440-1FC274B3CAF8}"
EndProject
Project("{FAE04EC0-301F-11D3-BF4B-00C04F79EFBC}") = "Common.Libraries.Services.Casssandra.Tests", "Common.Libraries.Services.Casssandra.Tests\Common.Libraries.Services.Casssandra.Tests.csproj", "{66D86B44-CD9A-49D9-9D6C-8AE02C57B16C}"
EndProject
Project("{FAE04EC0-301F-11D3-BF4B-00C04F79EFBC}") = "Common.Libraries.Services.ApiRequests.Flurl.Tests", "Common.Libraries.Services.ApiRequests.Flurl.Tests\Common.Libraries.Services.ApiRequests.Flurl.Tests.csproj", "{632A22A7-F91A-4DF2-B2F3-D439758438BB}"
EndProject
Project("{FAE04EC0-301F-11D3-BF4B-00C04F79EFBC}") = "Common.Libraries.Services.ApiRequests.Refit.Tests", "Common.Libraries.Services.ApiRequests.Refit.Tests\Common.Libraries.Services.ApiRequests.Refit.Tests.csproj", "{350CD2BC-194C-4F06-9FFB-667DEF8B6A7F}"
EndProject
Project("{FAE04EC0-301F-11D3-BF4B-00C04F79EFBC}") = "Common.Libraries.EventStore.EF.TestApi", "Common.Libraries.EventStore.EF.TestApi\Common.Libraries.EventStore.EF.TestApi.csproj", "{46390ADB-25C2-4DBC-92BD-2B7E7F4FD36D}"
EndProject
Project("{2150E333-8FDC-42A3-9474-1A3956D46DE8}") = "BackgroundWork", "BackgroundWork", "{02EA681E-C7D8-13C7-8484-4AC65E1B71E8}"
EndProject
Project("{FAE04EC0-301F-11D3-BF4B-00C04F79EFBC}") = "Common.Libraries.Services.BackgroundWork", "Common.Libraries.Services.BackgroundWork\Common.Libraries.Services.BackgroundWork.csproj", "{1D39FC33-BE02-4620-BC3D-7A20F78A7866}"
EndProject
Project("{FAE04EC0-301F-11D3-BF4B-00C04F79EFBC}") = "Common.Libraries.Services.BackgroundWork.Hangfire", "Common.Libraries.Services.BackgroundWork.Hangfire\Common.Libraries.Services.BackgroundWork.Hangfire.csproj", "{6928F93C-432E-4D03-A47C-80125F7A1039}"
EndProject
Project("{2150E333-8FDC-42A3-9474-1A3956D46DE8}") = "CQRS", "CQRS", "{4313511F-2EFB-478F-9D2C-2D63C33C17B3}"
EndProject
Project("{FAE04EC0-301F-11D3-BF4B-00C04F79EFBC}") = "Common.Libraries.Services.Background.Quartz", "Common.Libraries.Services.Background.Quartz\Common.Libraries.Services.Background.Quartz.csproj", "{7BA4DDB7-CA90-4652-A176-9CF684E1697F}"
EndProject
Project("{FAE04EC0-301F-11D3-BF4B-00C04F79EFBC}") = "Common.Libraries.Services.CQRS", "Common.Libraries.Services.CQRS\Common.Libraries.Services.CQRS.csproj", "{5AC72632-82F9-4C1A-97CA-899545DC55C5}"
EndProject
Project("{FAE04EC0-301F-11D3-BF4B-00C04F79EFBC}") = "Common.Libraries.Services.CQRS.Example", "Common.Libraries.Services.CQRS.Example\Common.Libraries.Services.CQRS.Example.csproj", "{450EFB8D-15F0-40AA-9C6B-8D7F5125578D}"
EndProject
Project("{FAE04EC0-301F-11D3-BF4B-00C04F79EFBC}") = "Common.Libraries.Services.CQRS.TestApi", "Common.Libraries.Services.CQRS.TestApi\Common.Libraries.Services.CQRS.TestApi.csproj", "{091D8DEF-2312-413C-BC77-1C855CBAF015}"
EndProject
Project("{FAE04EC0-301F-11D3-BF4B-00C04F79EFBC}") = "Common.Libraries.Services.BackgroundJobService.TestApi", "Common.Libraries.Services.BackgroundJobService.TestApi\Common.Libraries.Services.BackgroundJobService.TestApi.csproj", "{70C25BF1-4290-40B2-B74C-923A1B5BA813}"
EndProject
Project("{FAE04EC0-301F-11D3-BF4B-00C04F79EFBC}") = "Common.Libraries.Services.Mapping", "Common.Libraries.Services.Mapping\Common.Libraries.Services.Mapping.csproj", "{AEC64BAB-42D7-43D2-8FD5-07E2B245C8AB}"
EndProject
Project("{2150E333-8FDC-42A3-9474-1A3956D46DE8}") = "Validation", "Validation", "{F4DD3A4F-197D-47F2-A8B4-7CFD53B6AEF6}"
EndProject
Project("{FAE04EC0-301F-11D3-BF4B-00C04F79EFBC}") = "Common.Libraries.Services.Validation", "Common.Libraries.Services.Validation\Common.Libraries.Services.Validation.csproj", "{FB716667-7255-4573-9C83-D0ECC0B78C13}"
EndProject
Project("{FAE04EC0-301F-11D3-BF4B-00C04F79EFBC}") = "Common.Libraries.Services.Validation.FluentValidation", "Common.Libraries.Services.Validation.FluentValidation\Common.Libraries.Services.Validation.FluentValidation.csproj", "{220F3109-8A7F-4A6F-A749-78CB26082610}"
EndProject
Project("{2150E333-8FDC-42A3-9474-1A3956D46DE8}") = "USSD", "USSD", "{DB2AE795-BDB7-41B5-8AEE-58893E9A606F}"
EndProject
Project("{FAE04EC0-301F-11D3-BF4B-00C04F79EFBC}") = "Common.Libraries.USSD", "Common.Libraries.USSD\Common.Libraries.USSD.csproj", "{8C1E2709-292F-4A1C-8AB4-5185F536FD17}"
EndProject
Project("{FAE04EC0-301F-11D3-BF4B-00C04F79EFBC}") = "Common.Libraries.USSD.TNM", "Common.Libraries.USSD.TNM\Common.Libraries.USSD.TNM.csproj", "{3972D73B-11ED-468E-BAE3-719D3245E34C}"
EndProject
Project("{FAE04EC0-301F-11D3-BF4B-00C04F79EFBC}") = "Common.Libraries.USSD.Example", "Common.Libraries.USSD.Example\Common.Libraries.USSD.Example.csproj", "{669A2D36-0033-499E-AB48-7917CA052D7D}"
EndProject
Project("{FAE04EC0-301F-11D3-BF4B-00C04F79EFBC}") = "Common.Libraries.USSD.Airtel", "Common.Libraries.USSD.Airtel\Common.Libraries.USSD.Airtel.csproj", "{A96E8981-7F28-4570-98CF-68B11390F18C}"
EndProject
Project("{2150E333-8FDC-42A3-9474-1A3956D46DE8}") = "TestApis", "TestApis", "{2ACAAEC8-3090-4C1C-9314-3C833CD308E4}"
EndProject
Global
	GlobalSection(SolutionConfigurationPlatforms) = preSolution
		Debug|Any CPU = Debug|Any CPU
		Release|Any CPU = Release|Any CPU
	EndGlobalSection
	GlobalSection(ProjectConfigurationPlatforms) = postSolution
		{ADA8C6F8-3963-4B36-A794-6ECE5C9BEBCF}.Debug|Any CPU.ActiveCfg = Debug|Any CPU
		{ADA8C6F8-3963-4B36-A794-6ECE5C9BEBCF}.Debug|Any CPU.Build.0 = Debug|Any CPU
		{ADA8C6F8-3963-4B36-A794-6ECE5C9BEBCF}.Release|Any CPU.ActiveCfg = Release|Any CPU
		{ADA8C6F8-3963-4B36-A794-6ECE5C9BEBCF}.Release|Any CPU.Build.0 = Release|Any CPU
		{10B908AA-D72B-4C7E-81AB-8D5C11B00008}.Debug|Any CPU.ActiveCfg = Debug|Any CPU
		{10B908AA-D72B-4C7E-81AB-8D5C11B00008}.Debug|Any CPU.Build.0 = Debug|Any CPU
		{10B908AA-D72B-4C7E-81AB-8D5C11B00008}.Release|Any CPU.ActiveCfg = Release|Any CPU
		{10B908AA-D72B-4C7E-81AB-8D5C11B00008}.Release|Any CPU.Build.0 = Release|Any CPU
		{B65A079B-68D3-449D-B7B4-6228953AF6C9}.Debug|Any CPU.ActiveCfg = Debug|Any CPU
		{B65A079B-68D3-449D-B7B4-6228953AF6C9}.Debug|Any CPU.Build.0 = Debug|Any CPU
		{B65A079B-68D3-449D-B7B4-6228953AF6C9}.Release|Any CPU.ActiveCfg = Release|Any CPU
		{B65A079B-68D3-449D-B7B4-6228953AF6C9}.Release|Any CPU.Build.0 = Release|Any CPU
		{C2685366-7791-43B4-A9A3-880FBD49B4D2}.Debug|Any CPU.ActiveCfg = Debug|Any CPU
		{C2685366-7791-43B4-A9A3-880FBD49B4D2}.Debug|Any CPU.Build.0 = Debug|Any CPU
		{C2685366-7791-43B4-A9A3-880FBD49B4D2}.Release|Any CPU.ActiveCfg = Release|Any CPU
		{C2685366-7791-43B4-A9A3-880FBD49B4D2}.Release|Any CPU.Build.0 = Release|Any CPU
		{44B643F8-B1D8-4240-A640-387A982D3081}.Debug|Any CPU.ActiveCfg = Debug|Any CPU
		{44B643F8-B1D8-4240-A640-387A982D3081}.Debug|Any CPU.Build.0 = Debug|Any CPU
		{44B643F8-B1D8-4240-A640-387A982D3081}.Release|Any CPU.ActiveCfg = Release|Any CPU
		{44B643F8-B1D8-4240-A640-387A982D3081}.Release|Any CPU.Build.0 = Release|Any CPU
		{22A8294E-F7C3-46AD-8BE0-CFAF7A020910}.Debug|Any CPU.ActiveCfg = Debug|Any CPU
		{22A8294E-F7C3-46AD-8BE0-CFAF7A020910}.Debug|Any CPU.Build.0 = Debug|Any CPU
		{22A8294E-F7C3-46AD-8BE0-CFAF7A020910}.Release|Any CPU.ActiveCfg = Release|Any CPU
		{22A8294E-F7C3-46AD-8BE0-CFAF7A020910}.Release|Any CPU.Build.0 = Release|Any CPU
		{26EACC28-B760-4811-ABA9-0CF48DCBB144}.Debug|Any CPU.ActiveCfg = Debug|Any CPU
		{26EACC28-B760-4811-ABA9-0CF48DCBB144}.Debug|Any CPU.Build.0 = Debug|Any CPU
		{26EACC28-B760-4811-ABA9-0CF48DCBB144}.Release|Any CPU.ActiveCfg = Release|Any CPU
		{26EACC28-B760-4811-ABA9-0CF48DCBB144}.Release|Any CPU.Build.0 = Release|Any CPU
		{2687FF0E-AFAA-49BF-AD2E-9EC0814ADE5E}.Debug|Any CPU.ActiveCfg = Debug|Any CPU
		{2687FF0E-AFAA-49BF-AD2E-9EC0814ADE5E}.Debug|Any CPU.Build.0 = Debug|Any CPU
		{2687FF0E-AFAA-49BF-AD2E-9EC0814ADE5E}.Release|Any CPU.ActiveCfg = Release|Any CPU
		{2687FF0E-AFAA-49BF-AD2E-9EC0814ADE5E}.Release|Any CPU.Build.0 = Release|Any CPU
		{B4BE560C-9CA3-4006-8AFC-3986C512D590}.Debug|Any CPU.ActiveCfg = Debug|Any CPU
		{B4BE560C-9CA3-4006-8AFC-3986C512D590}.Debug|Any CPU.Build.0 = Debug|Any CPU
		{B4BE560C-9CA3-4006-8AFC-3986C512D590}.Release|Any CPU.ActiveCfg = Release|Any CPU
		{B4BE560C-9CA3-4006-8AFC-3986C512D590}.Release|Any CPU.Build.0 = Release|Any CPU
		{4120CB0E-9558-494D-B718-FEA53A103076}.Debug|Any CPU.ActiveCfg = Debug|Any CPU
		{4120CB0E-9558-494D-B718-FEA53A103076}.Debug|Any CPU.Build.0 = Debug|Any CPU
		{4120CB0E-9558-494D-B718-FEA53A103076}.Release|Any CPU.ActiveCfg = Release|Any CPU
		{4120CB0E-9558-494D-B718-FEA53A103076}.Release|Any CPU.Build.0 = Release|Any CPU
		{6C0577B5-20F3-4F0E-A349-4AD6C3EE864B}.Debug|Any CPU.ActiveCfg = Debug|Any CPU
		{6C0577B5-20F3-4F0E-A349-4AD6C3EE864B}.Debug|Any CPU.Build.0 = Debug|Any CPU
		{6C0577B5-20F3-4F0E-A349-4AD6C3EE864B}.Release|Any CPU.ActiveCfg = Release|Any CPU
		{6C0577B5-20F3-4F0E-A349-4AD6C3EE864B}.Release|Any CPU.Build.0 = Release|Any CPU
		{1A241B18-B38C-4522-8122-45C89FE6D5EA}.Debug|Any CPU.ActiveCfg = Debug|Any CPU
		{1A241B18-B38C-4522-8122-45C89FE6D5EA}.Debug|Any CPU.Build.0 = Debug|Any CPU
		{1A241B18-B38C-4522-8122-45C89FE6D5EA}.Release|Any CPU.ActiveCfg = Release|Any CPU
		{1A241B18-B38C-4522-8122-45C89FE6D5EA}.Release|Any CPU.Build.0 = Release|Any CPU
		{9EB69A15-1BA3-4918-B1C8-9AF3E1DF278D}.Debug|Any CPU.ActiveCfg = Debug|Any CPU
		{9EB69A15-1BA3-4918-B1C8-9AF3E1DF278D}.Debug|Any CPU.Build.0 = Debug|Any CPU
		{9EB69A15-1BA3-4918-B1C8-9AF3E1DF278D}.Release|Any CPU.ActiveCfg = Release|Any CPU
		{9EB69A15-1BA3-4918-B1C8-9AF3E1DF278D}.Release|Any CPU.Build.0 = Release|Any CPU
		{65B3E35E-C1B5-405F-AFBF-8F94FE8BC822}.Debug|Any CPU.ActiveCfg = Debug|Any CPU
		{65B3E35E-C1B5-405F-AFBF-8F94FE8BC822}.Debug|Any CPU.Build.0 = Debug|Any CPU
		{65B3E35E-C1B5-405F-AFBF-8F94FE8BC822}.Release|Any CPU.ActiveCfg = Release|Any CPU
		{65B3E35E-C1B5-405F-AFBF-8F94FE8BC822}.Release|Any CPU.Build.0 = Release|Any CPU
		{C07B1838-74CD-4AB6-9515-139014299C61}.Debug|Any CPU.ActiveCfg = Debug|Any CPU
		{C07B1838-74CD-4AB6-9515-139014299C61}.Debug|Any CPU.Build.0 = Debug|Any CPU
		{C07B1838-74CD-4AB6-9515-139014299C61}.Release|Any CPU.ActiveCfg = Release|Any CPU
		{C07B1838-74CD-4AB6-9515-139014299C61}.Release|Any CPU.Build.0 = Release|Any CPU
		{931513C4-1990-441E-B64B-D8042AB83CA4}.Debug|Any CPU.ActiveCfg = Debug|Any CPU
		{931513C4-1990-441E-B64B-D8042AB83CA4}.Debug|Any CPU.Build.0 = Debug|Any CPU
		{931513C4-1990-441E-B64B-D8042AB83CA4}.Release|Any CPU.ActiveCfg = Release|Any CPU
		{931513C4-1990-441E-B64B-D8042AB83CA4}.Release|Any CPU.Build.0 = Release|Any CPU
		{05948531-67A7-4511-B48E-986B345AD1DB}.Debug|Any CPU.ActiveCfg = Debug|Any CPU
		{05948531-67A7-4511-B48E-986B345AD1DB}.Debug|Any CPU.Build.0 = Debug|Any CPU
		{05948531-67A7-4511-B48E-986B345AD1DB}.Release|Any CPU.ActiveCfg = Release|Any CPU
		{05948531-67A7-4511-B48E-986B345AD1DB}.Release|Any CPU.Build.0 = Release|Any CPU
		{E5877EC3-056D-4978-964E-B7878A80C104}.Debug|Any CPU.ActiveCfg = Debug|Any CPU
		{E5877EC3-056D-4978-964E-B7878A80C104}.Debug|Any CPU.Build.0 = Debug|Any CPU
		{E5877EC3-056D-4978-964E-B7878A80C104}.Release|Any CPU.ActiveCfg = Release|Any CPU
		{E5877EC3-056D-4978-964E-B7878A80C104}.Release|Any CPU.Build.0 = Release|Any CPU
		{A615F72C-F286-457D-8E4B-092619C171E5}.Debug|Any CPU.ActiveCfg = Debug|Any CPU
		{A615F72C-F286-457D-8E4B-092619C171E5}.Debug|Any CPU.Build.0 = Debug|Any CPU
		{A615F72C-F286-457D-8E4B-092619C171E5}.Release|Any CPU.ActiveCfg = Release|Any CPU
		{A615F72C-F286-457D-8E4B-092619C171E5}.Release|Any CPU.Build.0 = Release|Any CPU
		{82F9E197-E07A-42E7-B86E-CE28F22BC0FE}.Debug|Any CPU.ActiveCfg = Debug|Any CPU
		{82F9E197-E07A-42E7-B86E-CE28F22BC0FE}.Debug|Any CPU.Build.0 = Debug|Any CPU
		{82F9E197-E07A-42E7-B86E-CE28F22BC0FE}.Release|Any CPU.ActiveCfg = Release|Any CPU
		{82F9E197-E07A-42E7-B86E-CE28F22BC0FE}.Release|Any CPU.Build.0 = Release|Any CPU
		{3D517B08-D66F-4855-89DC-DE85010A3F2B}.Debug|Any CPU.ActiveCfg = Debug|Any CPU
		{3D517B08-D66F-4855-89DC-DE85010A3F2B}.Debug|Any CPU.Build.0 = Debug|Any CPU
		{3D517B08-D66F-4855-89DC-DE85010A3F2B}.Release|Any CPU.ActiveCfg = Release|Any CPU
		{3D517B08-D66F-4855-89DC-DE85010A3F2B}.Release|Any CPU.Build.0 = Release|Any CPU
		{F916AB41-8A09-4097-83C7-FB27F17D2D46}.Debug|Any CPU.ActiveCfg = Debug|Any CPU
		{F916AB41-8A09-4097-83C7-FB27F17D2D46}.Debug|Any CPU.Build.0 = Debug|Any CPU
		{F916AB41-8A09-4097-83C7-FB27F17D2D46}.Release|Any CPU.ActiveCfg = Release|Any CPU
		{F916AB41-8A09-4097-83C7-FB27F17D2D46}.Release|Any CPU.Build.0 = Release|Any CPU
		{AED18574-468E-4C5C-980A-7D8620AEF80D}.Debug|Any CPU.ActiveCfg = Debug|Any CPU
		{AED18574-468E-4C5C-980A-7D8620AEF80D}.Debug|Any CPU.Build.0 = Debug|Any CPU
		{AED18574-468E-4C5C-980A-7D8620AEF80D}.Release|Any CPU.ActiveCfg = Release|Any CPU
		{AED18574-468E-4C5C-980A-7D8620AEF80D}.Release|Any CPU.Build.0 = Release|Any CPU
		{28854B46-859B-4FCE-A440-1FC274B3CAF8}.Debug|Any CPU.ActiveCfg = Debug|Any CPU
		{28854B46-859B-4FCE-A440-1FC274B3CAF8}.Debug|Any CPU.Build.0 = Debug|Any CPU
		{28854B46-859B-4FCE-A440-1FC274B3CAF8}.Release|Any CPU.ActiveCfg = Release|Any CPU
		{28854B46-859B-4FCE-A440-1FC274B3CAF8}.Release|Any CPU.Build.0 = Release|Any CPU
		{66D86B44-CD9A-49D9-9D6C-8AE02C57B16C}.Debug|Any CPU.ActiveCfg = Debug|Any CPU
		{66D86B44-CD9A-49D9-9D6C-8AE02C57B16C}.Debug|Any CPU.Build.0 = Debug|Any CPU
		{66D86B44-CD9A-49D9-9D6C-8AE02C57B16C}.Release|Any CPU.ActiveCfg = Release|Any CPU
		{66D86B44-CD9A-49D9-9D6C-8AE02C57B16C}.Release|Any CPU.Build.0 = Release|Any CPU
		{632A22A7-F91A-4DF2-B2F3-D439758438BB}.Debug|Any CPU.ActiveCfg = Debug|Any CPU
		{632A22A7-F91A-4DF2-B2F3-D439758438BB}.Debug|Any CPU.Build.0 = Debug|Any CPU
		{632A22A7-F91A-4DF2-B2F3-D439758438BB}.Release|Any CPU.ActiveCfg = Release|Any CPU
		{632A22A7-F91A-4DF2-B2F3-D439758438BB}.Release|Any CPU.Build.0 = Release|Any CPU
		{350CD2BC-194C-4F06-9FFB-667DEF8B6A7F}.Debug|Any CPU.ActiveCfg = Debug|Any CPU
		{350CD2BC-194C-4F06-9FFB-667DEF8B6A7F}.Debug|Any CPU.Build.0 = Debug|Any CPU
		{350CD2BC-194C-4F06-9FFB-667DEF8B6A7F}.Release|Any CPU.ActiveCfg = Release|Any CPU
		{350CD2BC-194C-4F06-9FFB-667DEF8B6A7F}.Release|Any CPU.Build.0 = Release|Any CPU
		{46390ADB-25C2-4DBC-92BD-2B7E7F4FD36D}.Debug|Any CPU.ActiveCfg = Debug|Any CPU
		{46390ADB-25C2-4DBC-92BD-2B7E7F4FD36D}.Debug|Any CPU.Build.0 = Debug|Any CPU
		{46390ADB-25C2-4DBC-92BD-2B7E7F4FD36D}.Release|Any CPU.ActiveCfg = Release|Any CPU
		{46390ADB-25C2-4DBC-92BD-2B7E7F4FD36D}.Release|Any CPU.Build.0 = Release|Any CPU
		{1D39FC33-BE02-4620-BC3D-7A20F78A7866}.Debug|Any CPU.ActiveCfg = Debug|Any CPU
		{1D39FC33-BE02-4620-BC3D-7A20F78A7866}.Debug|Any CPU.Build.0 = Debug|Any CPU
		{1D39FC33-BE02-4620-BC3D-7A20F78A7866}.Release|Any CPU.ActiveCfg = Release|Any CPU
		{1D39FC33-BE02-4620-BC3D-7A20F78A7866}.Release|Any CPU.Build.0 = Release|Any CPU
		{6928F93C-432E-4D03-A47C-80125F7A1039}.Debug|Any CPU.ActiveCfg = Debug|Any CPU
		{6928F93C-432E-4D03-A47C-80125F7A1039}.Debug|Any CPU.Build.0 = Debug|Any CPU
		{6928F93C-432E-4D03-A47C-80125F7A1039}.Release|Any CPU.ActiveCfg = Release|Any CPU
		{6928F93C-432E-4D03-A47C-80125F7A1039}.Release|Any CPU.Build.0 = Release|Any CPU
		{7BA4DDB7-CA90-4652-A176-9CF684E1697F}.Debug|Any CPU.ActiveCfg = Debug|Any CPU
		{7BA4DDB7-CA90-4652-A176-9CF684E1697F}.Debug|Any CPU.Build.0 = Debug|Any CPU
		{7BA4DDB7-CA90-4652-A176-9CF684E1697F}.Release|Any CPU.ActiveCfg = Release|Any CPU
		{7BA4DDB7-CA90-4652-A176-9CF684E1697F}.Release|Any CPU.Build.0 = Release|Any CPU
		{5AC72632-82F9-4C1A-97CA-899545DC55C5}.Debug|Any CPU.ActiveCfg = Debug|Any CPU
		{5AC72632-82F9-4C1A-97CA-899545DC55C5}.Debug|Any CPU.Build.0 = Debug|Any CPU
		{5AC72632-82F9-4C1A-97CA-899545DC55C5}.Release|Any CPU.ActiveCfg = Release|Any CPU
		{5AC72632-82F9-4C1A-97CA-899545DC55C5}.Release|Any CPU.Build.0 = Release|Any CPU
		{450EFB8D-15F0-40AA-9C6B-8D7F5125578D}.Debug|Any CPU.ActiveCfg = Debug|Any CPU
		{450EFB8D-15F0-40AA-9C6B-8D7F5125578D}.Debug|Any CPU.Build.0 = Debug|Any CPU
		{450EFB8D-15F0-40AA-9C6B-8D7F5125578D}.Release|Any CPU.ActiveCfg = Release|Any CPU
		{450EFB8D-15F0-40AA-9C6B-8D7F5125578D}.Release|Any CPU.Build.0 = Release|Any CPU
		{091D8DEF-2312-413C-BC77-1C855CBAF015}.Debug|Any CPU.ActiveCfg = Debug|Any CPU
		{091D8DEF-2312-413C-BC77-1C855CBAF015}.Debug|Any CPU.Build.0 = Debug|Any CPU
		{091D8DEF-2312-413C-BC77-1C855CBAF015}.Release|Any CPU.ActiveCfg = Release|Any CPU
		{091D8DEF-2312-413C-BC77-1C855CBAF015}.Release|Any CPU.Build.0 = Release|Any CPU
		{70C25BF1-4290-40B2-B74C-923A1B5BA813}.Debug|Any CPU.ActiveCfg = Debug|Any CPU
		{70C25BF1-4290-40B2-B74C-923A1B5BA813}.Debug|Any CPU.Build.0 = Debug|Any CPU
		{70C25BF1-4290-40B2-B74C-923A1B5BA813}.Release|Any CPU.ActiveCfg = Release|Any CPU
		{70C25BF1-4290-40B2-B74C-923A1B5BA813}.Release|Any CPU.Build.0 = Release|Any CPU
		{AEC64BAB-42D7-43D2-8FD5-07E2B245C8AB}.Debug|Any CPU.ActiveCfg = Debug|Any CPU
		{AEC64BAB-42D7-43D2-8FD5-07E2B245C8AB}.Debug|Any CPU.Build.0 = Debug|Any CPU
		{AEC64BAB-42D7-43D2-8FD5-07E2B245C8AB}.Release|Any CPU.ActiveCfg = Release|Any CPU
		{AEC64BAB-42D7-43D2-8FD5-07E2B245C8AB}.Release|Any CPU.Build.0 = Release|Any CPU
		{FB716667-7255-4573-9C83-D0ECC0B78C13}.Debug|Any CPU.ActiveCfg = Debug|Any CPU
		{FB716667-7255-4573-9C83-D0ECC0B78C13}.Debug|Any CPU.Build.0 = Debug|Any CPU
		{FB716667-7255-4573-9C83-D0ECC0B78C13}.Release|Any CPU.ActiveCfg = Release|Any CPU
		{FB716667-7255-4573-9C83-D0ECC0B78C13}.Release|Any CPU.Build.0 = Release|Any CPU
		{220F3109-8A7F-4A6F-A749-78CB26082610}.Debug|Any CPU.ActiveCfg = Debug|Any CPU
		{220F3109-8A7F-4A6F-A749-78CB26082610}.Debug|Any CPU.Build.0 = Debug|Any CPU
		{220F3109-8A7F-4A6F-A749-78CB26082610}.Release|Any CPU.ActiveCfg = Release|Any CPU
		{220F3109-8A7F-4A6F-A749-78CB26082610}.Release|Any CPU.Build.0 = Release|Any CPU
		{8C1E2709-292F-4A1C-8AB4-5185F536FD17}.Debug|Any CPU.ActiveCfg = Debug|Any CPU
		{8C1E2709-292F-4A1C-8AB4-5185F536FD17}.Debug|Any CPU.Build.0 = Debug|Any CPU
		{8C1E2709-292F-4A1C-8AB4-5185F536FD17}.Release|Any CPU.ActiveCfg = Release|Any CPU
		{8C1E2709-292F-4A1C-8AB4-5185F536FD17}.Release|Any CPU.Build.0 = Release|Any CPU
		{3972D73B-11ED-468E-BAE3-719D3245E34C}.Debug|Any CPU.ActiveCfg = Debug|Any CPU
		{3972D73B-11ED-468E-BAE3-719D3245E34C}.Debug|Any CPU.Build.0 = Debug|Any CPU
		{3972D73B-11ED-468E-BAE3-719D3245E34C}.Release|Any CPU.ActiveCfg = Release|Any CPU
		{3972D73B-11ED-468E-BAE3-719D3245E34C}.Release|Any CPU.Build.0 = Release|Any CPU
		{669A2D36-0033-499E-AB48-7917CA052D7D}.Debug|Any CPU.ActiveCfg = Debug|Any CPU
		{669A2D36-0033-499E-AB48-7917CA052D7D}.Debug|Any CPU.Build.0 = Debug|Any CPU
		{669A2D36-0033-499E-AB48-7917CA052D7D}.Release|Any CPU.ActiveCfg = Release|Any CPU
		{669A2D36-0033-499E-AB48-7917CA052D7D}.Release|Any CPU.Build.0 = Release|Any CPU
		{A96E8981-7F28-4570-98CF-68B11390F18C}.Debug|Any CPU.ActiveCfg = Debug|Any CPU
		{A96E8981-7F28-4570-98CF-68B11390F18C}.Debug|Any CPU.Build.0 = Debug|Any CPU
		{A96E8981-7F28-4570-98CF-68B11390F18C}.Release|Any CPU.ActiveCfg = Release|Any CPU
		{A96E8981-7F28-4570-98CF-68B11390F18C}.Release|Any CPU.Build.0 = Release|Any CPU
	EndGlobalSection
	GlobalSection(SolutionProperties) = preSolution
		HideSolutionNode = FALSE
	EndGlobalSection
	GlobalSection(NestedProjects) = preSolution
		{ADA8C6F8-3963-4B36-A794-6ECE5C9BEBCF} = {6D3232DD-8EA4-43C8-9EB1-3E1966A1079B}
		{10B908AA-D72B-4C7E-81AB-8D5C11B00008} = {5B36194F-3BEB-4166-B862-101957741C9D}
		{B65A079B-68D3-449D-B7B4-6228953AF6C9} = {0BD6CAC2-FC95-4A28-BD26-6207CD05304C}
		{C2685366-7791-43B4-A9A3-880FBD49B4D2} = {5B36194F-3BEB-4166-B862-101957741C9D}
		{44B643F8-B1D8-4240-A640-387A982D3081} = {5B36194F-3BEB-4166-B862-101957741C9D}
		{22A8294E-F7C3-46AD-8BE0-CFAF7A020910} = {63F53406-8CE7-42FB-A927-1C45989219AA}
		{2687FF0E-AFAA-49BF-AD2E-9EC0814ADE5E} = {7D807567-4ED4-4656-A3F8-AE9E87A1D2A1}
		{BA70EED6-F77E-4B6A-98C7-9B3032C0A9B7} = {7D807567-4ED4-4656-A3F8-AE9E87A1D2A1}
		{B4BE560C-9CA3-4006-8AFC-3986C512D590} = {BA70EED6-F77E-4B6A-98C7-9B3032C0A9B7}
		{E5E6D654-8E07-4EB4-9C9B-EA2F5449CE7D} = {7D807567-4ED4-4656-A3F8-AE9E87A1D2A1}
		{4120CB0E-9558-494D-B718-FEA53A103076} = {E5E6D654-8E07-4EB4-9C9B-EA2F5449CE7D}
		{C93033AA-BA8E-4941-ABD8-5200FF3A89C1} = {14E9C70A-D7CE-45B6-8684-97C81774C418}
		{6C0577B5-20F3-4F0E-A349-4AD6C3EE864B} = {C93033AA-BA8E-4941-ABD8-5200FF3A89C1}
		{1A241B18-B38C-4522-8122-45C89FE6D5EA} = {C93033AA-BA8E-4941-ABD8-5200FF3A89C1}
		{63F53406-8CE7-42FB-A927-1C45989219AA} = {0BD6CAC2-FC95-4A28-BD26-6207CD05304C}
		{9EB69A15-1BA3-4918-B1C8-9AF3E1DF278D} = {63F53406-8CE7-42FB-A927-1C45989219AA}
		{B6E018EA-F537-44E7-9C22-1FEE495B8C61} = {0BD6CAC2-FC95-4A28-BD26-6207CD05304C}
		{65B3E35E-C1B5-405F-AFBF-8F94FE8BC822} = {B6E018EA-F537-44E7-9C22-1FEE495B8C61}
		{C07B1838-74CD-4AB6-9515-139014299C61} = {B6E018EA-F537-44E7-9C22-1FEE495B8C61}
		{931513C4-1990-441E-B64B-D8042AB83CA4} = {63F53406-8CE7-42FB-A927-1C45989219AA}
		{95B8C2BB-E9D9-4D40-B56A-2E04BA46B28C} = {0BD6CAC2-FC95-4A28-BD26-6207CD05304C}
		{05948531-67A7-4511-B48E-986B345AD1DB} = {95B8C2BB-E9D9-4D40-B56A-2E04BA46B28C}
		{D0A5D6C9-2277-4022-8AAA-8785E8F97D67} = {0BD6CAC2-FC95-4A28-BD26-6207CD05304C}
		{E5877EC3-056D-4978-964E-B7878A80C104} = {D0A5D6C9-2277-4022-8AAA-8785E8F97D67}
		{A615F72C-F286-457D-8E4B-092619C171E5} = {D0A5D6C9-2277-4022-8AAA-8785E8F97D67}
		{F916AB41-8A09-4097-83C7-FB27F17D2D46} = {0BD6CAC2-FC95-4A28-BD26-6207CD05304C}
		{AED18574-468E-4C5C-980A-7D8620AEF80D} = {63F53406-8CE7-42FB-A927-1C45989219AA}
		{28854B46-859B-4FCE-A440-1FC274B3CAF8} = {63F53406-8CE7-42FB-A927-1C45989219AA}
		{66D86B44-CD9A-49D9-9D6C-8AE02C57B16C} = {63F53406-8CE7-42FB-A927-1C45989219AA}
		{46390ADB-25C2-4DBC-92BD-2B7E7F4FD36D} = {5B36194F-3BEB-4166-B862-101957741C9D}
		{02EA681E-C7D8-13C7-8484-4AC65E1B71E8} = {0BD6CAC2-FC95-4A28-BD26-6207CD05304C}
		{1D39FC33-BE02-4620-BC3D-7A20F78A7866} = {02EA681E-C7D8-13C7-8484-4AC65E1B71E8}
		{6928F93C-432E-4D03-A47C-80125F7A1039} = {02EA681E-C7D8-13C7-8484-4AC65E1B71E8}
		{4313511F-2EFB-478F-9D2C-2D63C33C17B3} = {0BD6CAC2-FC95-4A28-BD26-6207CD05304C}
		{7BA4DDB7-CA90-4652-A176-9CF684E1697F} = {02EA681E-C7D8-13C7-8484-4AC65E1B71E8}
		{5AC72632-82F9-4C1A-97CA-899545DC55C5} = {4313511F-2EFB-478F-9D2C-2D63C33C17B3}
		{450EFB8D-15F0-40AA-9C6B-8D7F5125578D} = {4313511F-2EFB-478F-9D2C-2D63C33C17B3}
		{091D8DEF-2312-413C-BC77-1C855CBAF015} = {4313511F-2EFB-478F-9D2C-2D63C33C17B3}
		{70C25BF1-4290-40B2-B74C-923A1B5BA813} = {02EA681E-C7D8-13C7-8484-4AC65E1B71E8}
		{AEC64BAB-42D7-43D2-8FD5-07E2B245C8AB} = {0BD6CAC2-FC95-4A28-BD26-6207CD05304C}
		{F4DD3A4F-197D-47F2-A8B4-7CFD53B6AEF6} = {0BD6CAC2-FC95-4A28-BD26-6207CD05304C}
		{FB716667-7255-4573-9C83-D0ECC0B78C13} = {F4DD3A4F-197D-47F2-A8B4-7CFD53B6AEF6}
		{220F3109-8A7F-4A6F-A749-78CB26082610} = {F4DD3A4F-197D-47F2-A8B4-7CFD53B6AEF6}
		{DB2AE795-BDB7-41B5-8AEE-58893E9A606F} = {0BD6CAC2-FC95-4A28-BD26-6207CD05304C}
		{8C1E2709-292F-4A1C-8AB4-5185F536FD17} = {DB2AE795-BDB7-41B5-8AEE-58893E9A606F}
		{3972D73B-11ED-468E-BAE3-719D3245E34C} = {DB2AE795-BDB7-41B5-8AEE-58893E9A606F}
		{669A2D36-0033-499E-AB48-7917CA052D7D} = {DB2AE795-BDB7-41B5-8AEE-58893E9A606F}
		{A96E8981-7F28-4570-98CF-68B11390F18C} = {DB2AE795-BDB7-41B5-8AEE-58893E9A606F}
		{2ACAAEC8-3090-4C1C-9314-3C833CD308E4} = {DB2AE795-BDB7-41B5-8AEE-58893E9A606F}
	EndGlobalSection
	GlobalSection(ExtensibilityGlobals) = postSolution
		SolutionGuid = {098DBDEC-B2B4-4933-B702-29F37D9A77A1}
	EndGlobalSection
EndGlobal
